// !$*UTF8*$!
{
	archiveVersion = 1;
	classes = {
	};
	objectVersion = 46;
	objects = {

/* Begin PBXBuildFile section */
		147740481B7407BC0009E4BF /* libavcodec.a in Frameworks */ = {isa = PBXBuildFile; fileRef = 18912D4117FAB78500BEA969 /* libavcodec.a */; };
		147740491B7407BC0009E4BF /* libavdevice.a in Frameworks */ = {isa = PBXBuildFile; fileRef = 18912D4217FAB78500BEA969 /* libavdevice.a */; };
		1477404A1B7407BC0009E4BF /* libavfilter.a in Frameworks */ = {isa = PBXBuildFile; fileRef = 18912D4317FAB78500BEA969 /* libavfilter.a */; };
		1477404B1B7407BC0009E4BF /* libavformat.a in Frameworks */ = {isa = PBXBuildFile; fileRef = 18912D4417FAB78500BEA969 /* libavformat.a */; };
		1477404C1B7407BC0009E4BF /* libavutil.a in Frameworks */ = {isa = PBXBuildFile; fileRef = 18912D4517FAB78500BEA969 /* libavutil.a */; };
		1477404D1B7407BC0009E4BF /* libfaad.a in Frameworks */ = {isa = PBXBuildFile; fileRef = 147740441B7407670009E4BF /* libfaad.a */; };
		1477404E1B7407BC0009E4BF /* libswscale.a in Frameworks */ = {isa = PBXBuildFile; fileRef = 18912D4617FAB78500BEA969 /* libswscale.a */; };
		1477404F1B7407BC0009E4BF /* libttxaudio.a in Frameworks */ = {isa = PBXBuildFile; fileRef = 147740461B7407740009E4BF /* libttxaudio.a */; };
		147740501B7407BC0009E4BF /* libttxcommon.a in Frameworks */ = {isa = PBXBuildFile; fileRef = 18912D4717FAB78500BEA969 /* libttxcommon.a */; };
		147740511B7407BC0009E4BF /* libttxfile.a in Frameworks */ = {isa = PBXBuildFile; fileRef = 18912D4817FAB78500BEA969 /* libttxfile.a */; };
		147740521B7407BC0009E4BF /* libttxmedia.a in Frameworks */ = {isa = PBXBuildFile; fileRef = 18912D4917FAB78500BEA969 /* libttxmedia.a */; };
		147740531B7407BC0009E4BF /* libttxplay.a in Frameworks */ = {isa = PBXBuildFile; fileRef = 18912D4A17FAB78500BEA969 /* libttxplay.a */; };
		147740541B7407BC0009E4BF /* libx264.a in Frameworks */ = {isa = PBXBuildFile; fileRef = 18912D4B17FAB78500BEA969 /* libx264.a */; };
		147740551B7407BC0009E4BF /* libyuv2rgb.a in Frameworks */ = {isa = PBXBuildFile; fileRef = 18912D4C17FAB78500BEA969 /* libyuv2rgb.a */; };
		147740581B7407BC0009E4BF /* libpostproc.a in Frameworks */ = {isa = PBXBuildFile; fileRef = 147740561B7407BC0009E4BF /* libpostproc.a */; };
		147740591B7407BC0009E4BF /* libswresample.a in Frameworks */ = {isa = PBXBuildFile; fileRef = 147740571B7407BC0009E4BF /* libswresample.a */; };
		18912D0A17FAB67600BEA969 /* Foundation.framework in Frameworks */ = {isa = PBXBuildFile; fileRef = 18912D0917FAB67600BEA969 /* Foundation.framework */; };
		18912D0C17FAB67600BEA969 /* CoreGraphics.framework in Frameworks */ = {isa = PBXBuildFile; fileRef = 18912D0B17FAB67600BEA969 /* CoreGraphics.framework */; };
		18912D0E17FAB67600BEA969 /* UIKit.framework in Frameworks */ = {isa = PBXBuildFile; fileRef = 18912D0D17FAB67600BEA969 /* UIKit.framework */; };
		18912D1417FAB67600BEA969 /* InfoPlist.strings in Resources */ = {isa = PBXBuildFile; fileRef = 18912D1217FAB67600BEA969 /* InfoPlist.strings */; };
		18912D1617FAB67600BEA969 /* main.m in Sources */ = {isa = PBXBuildFile; fileRef = 18912D1517FAB67600BEA969 /* main.m */; };
		18912D1A17FAB67600BEA969 /* AppDelegate.m in Sources */ = {isa = PBXBuildFile; fileRef = 18912D1917FAB67600BEA969 /* AppDelegate.m */; };
		18912D1D17FAB67600BEA969 /* Main_iPhone.storyboard in Resources */ = {isa = PBXBuildFile; fileRef = 18912D1B17FAB67600BEA969 /* Main_iPhone.storyboard */; };
		18912D2017FAB67600BEA969 /* Main_iPad.storyboard in Resources */ = {isa = PBXBuildFile; fileRef = 18912D1E17FAB67600BEA969 /* Main_iPad.storyboard */; };
		18912D2317FAB67600BEA969 /* ViewController.m in Sources */ = {isa = PBXBuildFile; fileRef = 18912D2217FAB67600BEA969 /* ViewController.m */; };
		18912D2517FAB67600BEA969 /* Images.xcassets in Resources */ = {isa = PBXBuildFile; fileRef = 18912D2417FAB67600BEA969 /* Images.xcassets */; };
		18912D5A17FAB7AA00BEA969 /* libiconv.dylib in Frameworks */ = {isa = PBXBuildFile; fileRef = 18912D5917FAB7AA00BEA969 /* libiconv.dylib */; };
		18912D5C17FAB7CF00BEA969 /* libstdc++.dylib in Frameworks */ = {isa = PBXBuildFile; fileRef = 18912D5B17FAB7CF00BEA969 /* libstdc++.dylib */; };
		18912D5E17FAB7DA00BEA969 /* libc++.dylib in Frameworks */ = {isa = PBXBuildFile; fileRef = 18912D5D17FAB7DA00BEA969 /* libc++.dylib */; };
		18912D6017FAB80200BEA969 /* libz.dylib in Frameworks */ = {isa = PBXBuildFile; fileRef = 18912D5F17FAB80200BEA969 /* libz.dylib */; };
		607E59CCCD059A62D30A4548 /* libPods-cmsv6demo.a in Frameworks */ = {isa = PBXBuildFile; fileRef = 2FCB90C19A0F3F52B0BB4DAB /* libPods-cmsv6demo.a */; };
		7539549C1F02984E0013758A /* IonicViewController.m in Sources */ = {isa = PBXBuildFile; fileRef = 7539549B1F02984E0013758A /* IonicViewController.m */; };
		7539549E1F02993D0013758A /* www in Resources */ = {isa = PBXBuildFile; fileRef = 7539549D1F02993D0013758A /* www */; };
		753955371F02B9F10013758A /* config.xml in Resources */ = {isa = PBXBuildFile; fileRef = 753955361F02B9F10013758A /* config.xml */; };
		7539558F1F02BA6F0013758A /* CDVBroadcaster.m in Sources */ = {isa = PBXBuildFile; fileRef = 7539553B1F02BA6F0013758A /* CDVBroadcaster.m */; };
		753955901F02BA6F0013758A /* CDVCamera.m in Sources */ = {isa = PBXBuildFile; fileRef = 7539553E1F02BA6F0013758A /* CDVCamera.m */; };
		753955911F02BA6F0013758A /* CDVJpegHeaderWriter.m in Sources */ = {isa = PBXBuildFile; fileRef = 753955411F02BA6F0013758A /* CDVJpegHeaderWriter.m */; };
		753955921F02BA6F0013758A /* UIImage+CropScaleOrientation.m in Sources */ = {isa = PBXBuildFile; fileRef = 753955431F02BA6F0013758A /* UIImage+CropScaleOrientation.m */; };
		753955931F02BA6F0013758A /* CDVLogger.m in Sources */ = {isa = PBXBuildFile; fileRef = 753955461F02BA6F0013758A /* CDVLogger.m */; };
		753955941F02BA6F0013758A /* AlmaZBarReaderViewController.m in Sources */ = {isa = PBXBuildFile; fileRef = 753955491F02BA6F0013758A /* AlmaZBarReaderViewController.m */; };
		753955951F02BA6F0013758A /* CsZBar.m in Sources */ = {isa = PBXBuildFile; fileRef = 7539554B1F02BA6F0013758A /* CsZBar.m */; };
		753955961F02BA6F0013758A /* libzbar.a in Frameworks */ = {isa = PBXBuildFile; fileRef = 753955501F02BA6F0013758A /* libzbar.a */; };
		753955971F02BA6F0013758A /* CDVDevice.m in Sources */ = {isa = PBXBuildFile; fileRef = 753955631F02BA6F0013758A /* CDVDevice.m */; };
		753955981F02BA6F0013758A /* CDVAssetLibraryFilesystem.m in Sources */ = {isa = PBXBuildFile; fileRef = 753955661F02BA6F0013758A /* CDVAssetLibraryFilesystem.m */; };
		753955991F02BA6F0013758A /* CDVFile.m in Sources */ = {isa = PBXBuildFile; fileRef = 753955681F02BA6F0013758A /* CDVFile.m */; };
		7539559A1F02BA6F0013758A /* CDVLocalFilesystem.m in Sources */ = {isa = PBXBuildFile; fileRef = 7539556A1F02BA6F0013758A /* CDVLocalFilesystem.m */; };
		7539559B1F02BA6F0013758A /* AFHTTPSessionManager.m in Sources */ = {isa = PBXBuildFile; fileRef = 7539556D1F02BA6F0013758A /* AFHTTPSessionManager.m */; };
		7539559C1F02BA6F0013758A /* AFNetworkReachabilityManager.m in Sources */ = {isa = PBXBuildFile; fileRef = 753955701F02BA6F0013758A /* AFNetworkReachabilityManager.m */; };
		7539559D1F02BA6F0013758A /* AFSecurityPolicy.m in Sources */ = {isa = PBXBuildFile; fileRef = 753955721F02BA6F0013758A /* AFSecurityPolicy.m */; };
		7539559E1F02BA6F0013758A /* AFURLRequestSerialization.m in Sources */ = {isa = PBXBuildFile; fileRef = 753955741F02BA6F0013758A /* AFURLRequestSerialization.m */; };
		7539559F1F02BA6F0013758A /* AFURLResponseSerialization.m in Sources */ = {isa = PBXBuildFile; fileRef = 753955761F02BA6F0013758A /* AFURLResponseSerialization.m */; };
		753955A01F02BA6F0013758A /* AFURLSessionManager.m in Sources */ = {isa = PBXBuildFile; fileRef = 753955781F02BA6F0013758A /* AFURLSessionManager.m */; };
		753955A11F02BA6F0013758A /* CordovaHttpPlugin.m in Sources */ = {isa = PBXBuildFile; fileRef = 7539557A1F02BA6F0013758A /* CordovaHttpPlugin.m */; };
		753955A21F02BA6F0013758A /* TextResponseSerializer.m in Sources */ = {isa = PBXBuildFile; fileRef = 7539557C1F02BA6F0013758A /* TextResponseSerializer.m */; };
		753955A31F02BA6F0013758A /* CDVSound.m in Sources */ = {isa = PBXBuildFile; fileRef = 7539557F1F02BA6F0013758A /* CDVSound.m */; };
		753955A41F02BA6F0013758A /* CDVCapture.m in Sources */ = {isa = PBXBuildFile; fileRef = 753955821F02BA6F0013758A /* CDVCapture.m */; };
		753955A51F02BA6F0013758A /* CDVSplashScreen.m in Sources */ = {isa = PBXBuildFile; fileRef = 753955851F02BA6F0013758A /* CDVSplashScreen.m */; };
		753955A61F02BA6F0013758A /* CDVViewController+SplashScreen.m in Sources */ = {isa = PBXBuildFile; fileRef = 753955871F02BA6F0013758A /* CDVViewController+SplashScreen.m */; };
		753955A71F02BA6F0013758A /* CDVStatusBar.m in Sources */ = {isa = PBXBuildFile; fileRef = 7539558A1F02BA6F0013758A /* CDVStatusBar.m */; };
		753955A81F02BA6F0013758A /* IonicKeyboard.m in Sources */ = {isa = PBXBuildFile; fileRef = 7539558D1F02BA6F0013758A /* IonicKeyboard.m */; };
		753955A91F02BA6F0013758A /* README in Resources */ = {isa = PBXBuildFile; fileRef = 7539558E1F02BA6F0013758A /* README */; };
		75562F4C1ED5291A0073388A /* AVFoundation.framework in Frameworks */ = {isa = PBXBuildFile; fileRef = 75562F4B1ED5291A0073388A /* AVFoundation.framework */; };
		755C658F1ED6A7FB00F637C6 /* DeviceSwitchView.m in Sources */ = {isa = PBXBuildFile; fileRef = 755C658E1ED6A7FB00F637C6 /* DeviceSwitchView.m */; };
		759063991ED67F89003C1C48 /* ConfigView.m in Sources */ = {isa = PBXBuildFile; fileRef = 759063981ED67F89003C1C48 /* ConfigView.m */; };
/* End PBXBuildFile section */

/* Begin PBXFileReference section */
		0D0B0DA703EB58B82369DC28 /* Pods-cmsv6demo.release.xcconfig */ = {isa = PBXFileReference; includeInIndex = 1; lastKnownFileType = text.xcconfig; name = "Pods-cmsv6demo.release.xcconfig"; path = "Pods/Target Support Files/Pods-cmsv6demo/Pods-cmsv6demo.release.xcconfig"; sourceTree = "<group>"; };
		147740441B7407670009E4BF /* libfaad.a */ = {isa = PBXFileReference; lastKnownFileType = archive.ar; name = libfaad.a; path = ../lib/libfaad.a; sourceTree = "<group>"; };
		147740461B7407740009E4BF /* libttxaudio.a */ = {isa = PBXFileReference; lastKnownFileType = archive.ar; name = libttxaudio.a; path = ../lib/libttxaudio.a; sourceTree = "<group>"; };
		147740561B7407BC0009E4BF /* libpostproc.a */ = {isa = PBXFileReference; lastKnownFileType = archive.ar; name = libpostproc.a; path = ../lib/libpostproc.a; sourceTree = "<group>"; };
		147740571B7407BC0009E4BF /* libswresample.a */ = {isa = PBXFileReference; lastKnownFileType = archive.ar; name = libswresample.a; path = ../lib/libswresample.a; sourceTree = "<group>"; };
		18912D0617FAB67600BEA969 /* cmsv6demo.app */ = {isa = PBXFileReference; explicitFileType = wrapper.application; includeInIndex = 0; path = cmsv6demo.app; sourceTree = BUILT_PRODUCTS_DIR; };
		18912D0917FAB67600BEA969 /* Foundation.framework */ = {isa = PBXFileReference; lastKnownFileType = wrapper.framework; name = Foundation.framework; path = System/Library/Frameworks/Foundation.framework; sourceTree = SDKROOT; };
		18912D0B17FAB67600BEA969 /* CoreGraphics.framework */ = {isa = PBXFileReference; lastKnownFileType = wrapper.framework; name = CoreGraphics.framework; path = System/Library/Frameworks/CoreGraphics.framework; sourceTree = SDKROOT; };
		18912D0D17FAB67600BEA969 /* UIKit.framework */ = {isa = PBXFileReference; lastKnownFileType = wrapper.framework; name = UIKit.framework; path = System/Library/Frameworks/UIKit.framework; sourceTree = SDKROOT; };
		18912D1117FAB67600BEA969 /* cmsv6demo-Info.plist */ = {isa = PBXFileReference; lastKnownFileType = text.plist.xml; path = "cmsv6demo-Info.plist"; sourceTree = "<group>"; };
		18912D1317FAB67600BEA969 /* en */ = {isa = PBXFileReference; lastKnownFileType = text.plist.strings; name = en; path = en.lproj/InfoPlist.strings; sourceTree = "<group>"; };
		18912D1517FAB67600BEA969 /* main.m */ = {isa = PBXFileReference; lastKnownFileType = sourcecode.c.objc; path = main.m; sourceTree = "<group>"; };
		18912D1717FAB67600BEA969 /* cmsv6demo-Prefix.pch */ = {isa = PBXFileReference; lastKnownFileType = sourcecode.c.h; path = "cmsv6demo-Prefix.pch"; sourceTree = "<group>"; };
		18912D1817FAB67600BEA969 /* AppDelegate.h */ = {isa = PBXFileReference; lastKnownFileType = sourcecode.c.h; path = AppDelegate.h; sourceTree = "<group>"; };
		18912D1917FAB67600BEA969 /* AppDelegate.m */ = {isa = PBXFileReference; lastKnownFileType = sourcecode.c.objc; path = AppDelegate.m; sourceTree = "<group>"; };
		18912D1C17FAB67600BEA969 /* Base */ = {isa = PBXFileReference; lastKnownFileType = file.storyboard; name = Base; path = Base.lproj/Main_iPhone.storyboard; sourceTree = "<group>"; };
		18912D1F17FAB67600BEA969 /* Base */ = {isa = PBXFileReference; lastKnownFileType = file.storyboard; name = Base; path = Base.lproj/Main_iPad.storyboard; sourceTree = "<group>"; };
		18912D2117FAB67600BEA969 /* ViewController.h */ = {isa = PBXFileReference; lastKnownFileType = sourcecode.c.h; path = ViewController.h; sourceTree = "<group>"; };
		18912D2217FAB67600BEA969 /* ViewController.m */ = {isa = PBXFileReference; lastKnownFileType = sourcecode.c.objc; path = ViewController.m; sourceTree = "<group>"; };
		18912D2417FAB67600BEA969 /* Images.xcassets */ = {isa = PBXFileReference; lastKnownFileType = folder.assetcatalog; path = Images.xcassets; sourceTree = "<group>"; };
		18912D2B17FAB67600BEA969 /* XCTest.framework */ = {isa = PBXFileReference; lastKnownFileType = wrapper.framework; name = XCTest.framework; path = Library/Frameworks/XCTest.framework; sourceTree = DEVELOPER_DIR; };
		18912D4117FAB78500BEA969 /* libavcodec.a */ = {isa = PBXFileReference; lastKnownFileType = archive.ar; name = libavcodec.a; path = ../lib/libavcodec.a; sourceTree = "<group>"; };
		18912D4217FAB78500BEA969 /* libavdevice.a */ = {isa = PBXFileReference; lastKnownFileType = archive.ar; name = libavdevice.a; path = ../lib/libavdevice.a; sourceTree = "<group>"; };
		18912D4317FAB78500BEA969 /* libavfilter.a */ = {isa = PBXFileReference; lastKnownFileType = archive.ar; name = libavfilter.a; path = ../lib/libavfilter.a; sourceTree = "<group>"; };
		18912D4417FAB78500BEA969 /* libavformat.a */ = {isa = PBXFileReference; lastKnownFileType = archive.ar; name = libavformat.a; path = ../lib/libavformat.a; sourceTree = "<group>"; };
		18912D4517FAB78500BEA969 /* libavutil.a */ = {isa = PBXFileReference; lastKnownFileType = archive.ar; name = libavutil.a; path = ../lib/libavutil.a; sourceTree = "<group>"; };
		18912D4617FAB78500BEA969 /* libswscale.a */ = {isa = PBXFileReference; lastKnownFileType = archive.ar; name = libswscale.a; path = ../lib/libswscale.a; sourceTree = "<group>"; };
		18912D4717FAB78500BEA969 /* libttxcommon.a */ = {isa = PBXFileReference; lastKnownFileType = archive.ar; name = libttxcommon.a; path = ../lib/libttxcommon.a; sourceTree = "<group>"; };
		18912D4817FAB78500BEA969 /* libttxfile.a */ = {isa = PBXFileReference; lastKnownFileType = archive.ar; name = libttxfile.a; path = ../lib/libttxfile.a; sourceTree = "<group>"; };
		18912D4917FAB78500BEA969 /* libttxmedia.a */ = {isa = PBXFileReference; lastKnownFileType = archive.ar; name = libttxmedia.a; path = ../lib/libttxmedia.a; sourceTree = "<group>"; };
		18912D4A17FAB78500BEA969 /* libttxplay.a */ = {isa = PBXFileReference; lastKnownFileType = archive.ar; name = libttxplay.a; path = ../lib/libttxplay.a; sourceTree = "<group>"; };
		18912D4B17FAB78500BEA969 /* libx264.a */ = {isa = PBXFileReference; lastKnownFileType = archive.ar; name = libx264.a; path = ../lib/libx264.a; sourceTree = "<group>"; };
		18912D4C17FAB78500BEA969 /* libyuv2rgb.a */ = {isa = PBXFileReference; lastKnownFileType = archive.ar; name = libyuv2rgb.a; path = ../lib/libyuv2rgb.a; sourceTree = "<group>"; };
		18912D5917FAB7AA00BEA969 /* libiconv.dylib */ = {isa = PBXFileReference; lastKnownFileType = "compiled.mach-o.dylib"; name = libiconv.dylib; path = usr/lib/libiconv.dylib; sourceTree = SDKROOT; };
		18912D5B17FAB7CF00BEA969 /* libstdc++.dylib */ = {isa = PBXFileReference; lastKnownFileType = "compiled.mach-o.dylib"; name = "libstdc++.dylib"; path = "usr/lib/libstdc++.dylib"; sourceTree = SDKROOT; };
		18912D5D17FAB7DA00BEA969 /* libc++.dylib */ = {isa = PBXFileReference; lastKnownFileType = "compiled.mach-o.dylib"; name = "libc++.dylib"; path = "usr/lib/libc++.dylib"; sourceTree = SDKROOT; };
		18912D5F17FAB80200BEA969 /* libz.dylib */ = {isa = PBXFileReference; lastKnownFileType = "compiled.mach-o.dylib"; name = libz.dylib; path = usr/lib/libz.dylib; sourceTree = SDKROOT; };
		2FCB90C19A0F3F52B0BB4DAB /* libPods-cmsv6demo.a */ = {isa = PBXFileReference; explicitFileType = archive.ar; includeInIndex = 0; path = "libPods-cmsv6demo.a"; sourceTree = BUILT_PRODUCTS_DIR; };
		7539549A1F02984E0013758A /* IonicViewController.h */ = {isa = PBXFileReference; fileEncoding = 4; lastKnownFileType = sourcecode.c.h; path = IonicViewController.h; sourceTree = "<group>"; };
		7539549B1F02984E0013758A /* IonicViewController.m */ = {isa = PBXFileReference; fileEncoding = 4; lastKnownFileType = sourcecode.c.objc; path = IonicViewController.m; sourceTree = "<group>"; };
		7539549D1F02993D0013758A /* www */ = {isa = PBXFileReference; lastKnownFileType = folder; path = www; sourceTree = SOURCE_ROOT; };
		753955361F02B9F10013758A /* config.xml */ = {isa = PBXFileReference; fileEncoding = 4; lastKnownFileType = text.xml; path = config.xml; sourceTree = "<group>"; };
		7539553A1F02BA6F0013758A /* CDVBroadcaster.h */ = {isa = PBXFileReference; fileEncoding = 4; lastKnownFileType = sourcecode.c.h; path = CDVBroadcaster.h; sourceTree = "<group>"; };
		7539553B1F02BA6F0013758A /* CDVBroadcaster.m */ = {isa = PBXFileReference; fileEncoding = 4; lastKnownFileType = sourcecode.c.objc; path = CDVBroadcaster.m; sourceTree = "<group>"; };
		7539553D1F02BA6F0013758A /* CDVCamera.h */ = {isa = PBXFileReference; fileEncoding = 4; lastKnownFileType = sourcecode.c.h; path = CDVCamera.h; sourceTree = "<group>"; };
		7539553E1F02BA6F0013758A /* CDVCamera.m */ = {isa = PBXFileReference; fileEncoding = 4; lastKnownFileType = sourcecode.c.objc; path = CDVCamera.m; sourceTree = "<group>"; };
		7539553F1F02BA6F0013758A /* CDVExif.h */ = {isa = PBXFileReference; fileEncoding = 4; lastKnownFileType = sourcecode.c.h; path = CDVExif.h; sourceTree = "<group>"; };
		753955401F02BA6F0013758A /* CDVJpegHeaderWriter.h */ = {isa = PBXFileReference; fileEncoding = 4; lastKnownFileType = sourcecode.c.h; path = CDVJpegHeaderWriter.h; sourceTree = "<group>"; };
		753955411F02BA6F0013758A /* CDVJpegHeaderWriter.m */ = {isa = PBXFileReference; fileEncoding = 4; lastKnownFileType = sourcecode.c.objc; path = CDVJpegHeaderWriter.m; sourceTree = "<group>"; };
		753955421F02BA6F0013758A /* UIImage+CropScaleOrientation.h */ = {isa = PBXFileReference; fileEncoding = 4; lastKnownFileType = sourcecode.c.h; path = "UIImage+CropScaleOrientation.h"; sourceTree = "<group>"; };
		753955431F02BA6F0013758A /* UIImage+CropScaleOrientation.m */ = {isa = PBXFileReference; fileEncoding = 4; lastKnownFileType = sourcecode.c.objc; path = "UIImage+CropScaleOrientation.m"; sourceTree = "<group>"; };
		753955451F02BA6F0013758A /* CDVLogger.h */ = {isa = PBXFileReference; fileEncoding = 4; lastKnownFileType = sourcecode.c.h; path = CDVLogger.h; sourceTree = "<group>"; };
		753955461F02BA6F0013758A /* CDVLogger.m */ = {isa = PBXFileReference; fileEncoding = 4; lastKnownFileType = sourcecode.c.objc; path = CDVLogger.m; sourceTree = "<group>"; };
		753955481F02BA6F0013758A /* AlmaZBarReaderViewController.h */ = {isa = PBXFileReference; fileEncoding = 4; lastKnownFileType = sourcecode.c.h; path = AlmaZBarReaderViewController.h; sourceTree = "<group>"; };
		753955491F02BA6F0013758A /* AlmaZBarReaderViewController.m */ = {isa = PBXFileReference; fileEncoding = 4; lastKnownFileType = sourcecode.c.objc; path = AlmaZBarReaderViewController.m; sourceTree = "<group>"; };
		7539554A1F02BA6F0013758A /* CsZBar.h */ = {isa = PBXFileReference; fileEncoding = 4; lastKnownFileType = sourcecode.c.h; path = CsZBar.h; sourceTree = "<group>"; };
		7539554B1F02BA6F0013758A /* CsZBar.m */ = {isa = PBXFileReference; fileEncoding = 4; lastKnownFileType = sourcecode.c.objc; path = CsZBar.m; sourceTree = "<group>"; };
		7539554C1F02BA6F0013758A /* Decoder.h */ = {isa = PBXFileReference; fileEncoding = 4; lastKnownFileType = sourcecode.c.h; path = Decoder.h; sourceTree = "<group>"; };
		7539554D1F02BA6F0013758A /* Exception.h */ = {isa = PBXFileReference; fileEncoding = 4; lastKnownFileType = sourcecode.c.h; path = Exception.h; sourceTree = "<group>"; };
		7539554E1F02BA6F0013758A /* Image.h */ = {isa = PBXFileReference; fileEncoding = 4; lastKnownFileType = sourcecode.c.h; path = Image.h; sourceTree = "<group>"; };
		7539554F1F02BA6F0013758A /* ImageScanner.h */ = {isa = PBXFileReference; fileEncoding = 4; lastKnownFileType = sourcecode.c.h; path = ImageScanner.h; sourceTree = "<group>"; };
		753955501F02BA6F0013758A /* libzbar.a */ = {isa = PBXFileReference; lastKnownFileType = archive.ar; path = libzbar.a; sourceTree = "<group>"; };
		753955511F02BA6F0013758A /* Processor.h */ = {isa = PBXFileReference; fileEncoding = 4; lastKnownFileType = sourcecode.c.h; path = Processor.h; sourceTree = "<group>"; };
		753955521F02BA6F0013758A /* Scanner.h */ = {isa = PBXFileReference; fileEncoding = 4; lastKnownFileType = sourcecode.c.h; path = Scanner.h; sourceTree = "<group>"; };
		753955531F02BA6F0013758A /* Symbol.h */ = {isa = PBXFileReference; fileEncoding = 4; lastKnownFileType = sourcecode.c.h; path = Symbol.h; sourceTree = "<group>"; };
		753955541F02BA6F0013758A /* Video.h */ = {isa = PBXFileReference; fileEncoding = 4; lastKnownFileType = sourcecode.c.h; path = Video.h; sourceTree = "<group>"; };
		753955551F02BA6F0013758A /* Window.h */ = {isa = PBXFileReference; fileEncoding = 4; lastKnownFileType = sourcecode.c.h; path = Window.h; sourceTree = "<group>"; };
		753955561F02BA6F0013758A /* zbar.h */ = {isa = PBXFileReference; fileEncoding = 4; lastKnownFileType = sourcecode.c.h; path = zbar.h; sourceTree = "<group>"; };
		753955571F02BA6F0013758A /* ZBarCameraSimulator.h */ = {isa = PBXFileReference; fileEncoding = 4; lastKnownFileType = sourcecode.c.h; path = ZBarCameraSimulator.h; sourceTree = "<group>"; };
		753955581F02BA6F0013758A /* ZBarCaptureReader.h */ = {isa = PBXFileReference; fileEncoding = 4; lastKnownFileType = sourcecode.c.h; path = ZBarCaptureReader.h; sourceTree = "<group>"; };
		753955591F02BA6F0013758A /* ZBarHelpController.h */ = {isa = PBXFileReference; fileEncoding = 4; lastKnownFileType = sourcecode.c.h; path = ZBarHelpController.h; sourceTree = "<group>"; };
		7539555A1F02BA6F0013758A /* ZBarImage.h */ = {isa = PBXFileReference; fileEncoding = 4; lastKnownFileType = sourcecode.c.h; path = ZBarImage.h; sourceTree = "<group>"; };
		7539555B1F02BA6F0013758A /* ZBarImageScanner.h */ = {isa = PBXFileReference; fileEncoding = 4; lastKnownFileType = sourcecode.c.h; path = ZBarImageScanner.h; sourceTree = "<group>"; };
		7539555C1F02BA6F0013758A /* ZBarReaderController.h */ = {isa = PBXFileReference; fileEncoding = 4; lastKnownFileType = sourcecode.c.h; path = ZBarReaderController.h; sourceTree = "<group>"; };
		7539555D1F02BA6F0013758A /* ZBarReaderView.h */ = {isa = PBXFileReference; fileEncoding = 4; lastKnownFileType = sourcecode.c.h; path = ZBarReaderView.h; sourceTree = "<group>"; };
		7539555E1F02BA6F0013758A /* ZBarReaderViewController.h */ = {isa = PBXFileReference; fileEncoding = 4; lastKnownFileType = sourcecode.c.h; path = ZBarReaderViewController.h; sourceTree = "<group>"; };
		7539555F1F02BA6F0013758A /* ZBarSDK.h */ = {isa = PBXFileReference; fileEncoding = 4; lastKnownFileType = sourcecode.c.h; path = ZBarSDK.h; sourceTree = "<group>"; };
		753955601F02BA6F0013758A /* ZBarSymbol.h */ = {isa = PBXFileReference; fileEncoding = 4; lastKnownFileType = sourcecode.c.h; path = ZBarSymbol.h; sourceTree = "<group>"; };
		753955621F02BA6F0013758A /* CDVDevice.h */ = {isa = PBXFileReference; fileEncoding = 4; lastKnownFileType = sourcecode.c.h; path = CDVDevice.h; sourceTree = "<group>"; };
		753955631F02BA6F0013758A /* CDVDevice.m */ = {isa = PBXFileReference; fileEncoding = 4; lastKnownFileType = sourcecode.c.objc; path = CDVDevice.m; sourceTree = "<group>"; };
		753955651F02BA6F0013758A /* CDVAssetLibraryFilesystem.h */ = {isa = PBXFileReference; fileEncoding = 4; lastKnownFileType = sourcecode.c.h; path = CDVAssetLibraryFilesystem.h; sourceTree = "<group>"; };
		753955661F02BA6F0013758A /* CDVAssetLibraryFilesystem.m */ = {isa = PBXFileReference; fileEncoding = 4; lastKnownFileType = sourcecode.c.objc; path = CDVAssetLibraryFilesystem.m; sourceTree = "<group>"; };
		753955671F02BA6F0013758A /* CDVFile.h */ = {isa = PBXFileReference; fileEncoding = 4; lastKnownFileType = sourcecode.c.h; path = CDVFile.h; sourceTree = "<group>"; };
		753955681F02BA6F0013758A /* CDVFile.m */ = {isa = PBXFileReference; fileEncoding = 4; lastKnownFileType = sourcecode.c.objc; path = CDVFile.m; sourceTree = "<group>"; };
		753955691F02BA6F0013758A /* CDVLocalFilesystem.h */ = {isa = PBXFileReference; fileEncoding = 4; lastKnownFileType = sourcecode.c.h; path = CDVLocalFilesystem.h; sourceTree = "<group>"; };
		7539556A1F02BA6F0013758A /* CDVLocalFilesystem.m */ = {isa = PBXFileReference; fileEncoding = 4; lastKnownFileType = sourcecode.c.objc; path = CDVLocalFilesystem.m; sourceTree = "<group>"; };
		7539556C1F02BA6F0013758A /* AFHTTPSessionManager.h */ = {isa = PBXFileReference; fileEncoding = 4; lastKnownFileType = sourcecode.c.h; path = AFHTTPSessionManager.h; sourceTree = "<group>"; };
		7539556D1F02BA6F0013758A /* AFHTTPSessionManager.m */ = {isa = PBXFileReference; fileEncoding = 4; lastKnownFileType = sourcecode.c.objc; path = AFHTTPSessionManager.m; sourceTree = "<group>"; };
		7539556E1F02BA6F0013758A /* AFNetworking.h */ = {isa = PBXFileReference; fileEncoding = 4; lastKnownFileType = sourcecode.c.h; path = AFNetworking.h; sourceTree = "<group>"; };
		7539556F1F02BA6F0013758A /* AFNetworkReachabilityManager.h */ = {isa = PBXFileReference; fileEncoding = 4; lastKnownFileType = sourcecode.c.h; path = AFNetworkReachabilityManager.h; sourceTree = "<group>"; };
		753955701F02BA6F0013758A /* AFNetworkReachabilityManager.m */ = {isa = PBXFileReference; fileEncoding = 4; lastKnownFileType = sourcecode.c.objc; path = AFNetworkReachabilityManager.m; sourceTree = "<group>"; };
		753955711F02BA6F0013758A /* AFSecurityPolicy.h */ = {isa = PBXFileReference; fileEncoding = 4; lastKnownFileType = sourcecode.c.h; path = AFSecurityPolicy.h; sourceTree = "<group>"; };
		753955721F02BA6F0013758A /* AFSecurityPolicy.m */ = {isa = PBXFileReference; fileEncoding = 4; lastKnownFileType = sourcecode.c.objc; path = AFSecurityPolicy.m; sourceTree = "<group>"; };
		753955731F02BA6F0013758A /* AFURLRequestSerialization.h */ = {isa = PBXFileReference; fileEncoding = 4; lastKnownFileType = sourcecode.c.h; path = AFURLRequestSerialization.h; sourceTree = "<group>"; };
		753955741F02BA6F0013758A /* AFURLRequestSerialization.m */ = {isa = PBXFileReference; fileEncoding = 4; lastKnownFileType = sourcecode.c.objc; path = AFURLRequestSerialization.m; sourceTree = "<group>"; };
		753955751F02BA6F0013758A /* AFURLResponseSerialization.h */ = {isa = PBXFileReference; fileEncoding = 4; lastKnownFileType = sourcecode.c.h; path = AFURLResponseSerialization.h; sourceTree = "<group>"; };
		753955761F02BA6F0013758A /* AFURLResponseSerialization.m */ = {isa = PBXFileReference; fileEncoding = 4; lastKnownFileType = sourcecode.c.objc; path = AFURLResponseSerialization.m; sourceTree = "<group>"; };
		753955771F02BA6F0013758A /* AFURLSessionManager.h */ = {isa = PBXFileReference; fileEncoding = 4; lastKnownFileType = sourcecode.c.h; path = AFURLSessionManager.h; sourceTree = "<group>"; };
		753955781F02BA6F0013758A /* AFURLSessionManager.m */ = {isa = PBXFileReference; fileEncoding = 4; lastKnownFileType = sourcecode.c.objc; path = AFURLSessionManager.m; sourceTree = "<group>"; };
		753955791F02BA6F0013758A /* CordovaHttpPlugin.h */ = {isa = PBXFileReference; fileEncoding = 4; lastKnownFileType = sourcecode.c.h; path = CordovaHttpPlugin.h; sourceTree = "<group>"; };
		7539557A1F02BA6F0013758A /* CordovaHttpPlugin.m */ = {isa = PBXFileReference; fileEncoding = 4; lastKnownFileType = sourcecode.c.objc; path = CordovaHttpPlugin.m; sourceTree = "<group>"; };
		7539557B1F02BA6F0013758A /* TextResponseSerializer.h */ = {isa = PBXFileReference; fileEncoding = 4; lastKnownFileType = sourcecode.c.h; path = TextResponseSerializer.h; sourceTree = "<group>"; };
		7539557C1F02BA6F0013758A /* TextResponseSerializer.m */ = {isa = PBXFileReference; fileEncoding = 4; lastKnownFileType = sourcecode.c.objc; path = TextResponseSerializer.m; sourceTree = "<group>"; };
		7539557E1F02BA6F0013758A /* CDVSound.h */ = {isa = PBXFileReference; fileEncoding = 4; lastKnownFileType = sourcecode.c.h; path = CDVSound.h; sourceTree = "<group>"; };
		7539557F1F02BA6F0013758A /* CDVSound.m */ = {isa = PBXFileReference; fileEncoding = 4; lastKnownFileType = sourcecode.c.objc; path = CDVSound.m; sourceTree = "<group>"; };
		753955811F02BA6F0013758A /* CDVCapture.h */ = {isa = PBXFileReference; fileEncoding = 4; lastKnownFileType = sourcecode.c.h; path = CDVCapture.h; sourceTree = "<group>"; };
		753955821F02BA6F0013758A /* CDVCapture.m */ = {isa = PBXFileReference; fileEncoding = 4; lastKnownFileType = sourcecode.c.objc; path = CDVCapture.m; sourceTree = "<group>"; };
		753955841F02BA6F0013758A /* CDVSplashScreen.h */ = {isa = PBXFileReference; fileEncoding = 4; lastKnownFileType = sourcecode.c.h; path = CDVSplashScreen.h; sourceTree = "<group>"; };
		753955851F02BA6F0013758A /* CDVSplashScreen.m */ = {isa = PBXFileReference; fileEncoding = 4; lastKnownFileType = sourcecode.c.objc; path = CDVSplashScreen.m; sourceTree = "<group>"; };
		753955861F02BA6F0013758A /* CDVViewController+SplashScreen.h */ = {isa = PBXFileReference; fileEncoding = 4; lastKnownFileType = sourcecode.c.h; path = "CDVViewController+SplashScreen.h"; sourceTree = "<group>"; };
		753955871F02BA6F0013758A /* CDVViewController+SplashScreen.m */ = {isa = PBXFileReference; fileEncoding = 4; lastKnownFileType = sourcecode.c.objc; path = "CDVViewController+SplashScreen.m"; sourceTree = "<group>"; };
		753955891F02BA6F0013758A /* CDVStatusBar.h */ = {isa = PBXFileReference; fileEncoding = 4; lastKnownFileType = sourcecode.c.h; path = CDVStatusBar.h; sourceTree = "<group>"; };
		7539558A1F02BA6F0013758A /* CDVStatusBar.m */ = {isa = PBXFileReference; fileEncoding = 4; lastKnownFileType = sourcecode.c.objc; path = CDVStatusBar.m; sourceTree = "<group>"; };
		7539558C1F02BA6F0013758A /* IonicKeyboard.h */ = {isa = PBXFileReference; fileEncoding = 4; lastKnownFileType = sourcecode.c.h; path = IonicKeyboard.h; sourceTree = "<group>"; };
		7539558D1F02BA6F0013758A /* IonicKeyboard.m */ = {isa = PBXFileReference; fileEncoding = 4; lastKnownFileType = sourcecode.c.objc; path = IonicKeyboard.m; sourceTree = "<group>"; };
		7539558E1F02BA6F0013758A /* README */ = {isa = PBXFileReference; fileEncoding = 4; lastKnownFileType = text; path = README; sourceTree = "<group>"; };
		75562F4B1ED5291A0073388A /* AVFoundation.framework */ = {isa = PBXFileReference; lastKnownFileType = wrapper.framework; name = AVFoundation.framework; path = System/Library/Frameworks/AVFoundation.framework; sourceTree = SDKROOT; };
		755C658D1ED6A7FB00F637C6 /* DeviceSwitchView.h */ = {isa = PBXFileReference; fileEncoding = 4; lastKnownFileType = sourcecode.c.h; path = DeviceSwitchView.h; sourceTree = "<group>"; };
		755C658E1ED6A7FB00F637C6 /* DeviceSwitchView.m */ = {isa = PBXFileReference; fileEncoding = 4; lastKnownFileType = sourcecode.c.objc; path = DeviceSwitchView.m; sourceTree = "<group>"; };
		759063971ED67F89003C1C48 /* ConfigView.h */ = {isa = PBXFileReference; fileEncoding = 4; lastKnownFileType = sourcecode.c.h; path = ConfigView.h; sourceTree = "<group>"; };
		759063981ED67F89003C1C48 /* ConfigView.m */ = {isa = PBXFileReference; fileEncoding = 4; lastKnownFileType = sourcecode.c.objc; path = ConfigView.m; sourceTree = "<group>"; };
		C8D54DDE7E693054CA840A52 /* Pods-cmsv6demo.debug.xcconfig */ = {isa = PBXFileReference; includeInIndex = 1; lastKnownFileType = text.xcconfig; name = "Pods-cmsv6demo.debug.xcconfig"; path = "Pods/Target Support Files/Pods-cmsv6demo/Pods-cmsv6demo.debug.xcconfig"; sourceTree = "<group>"; };
/* End PBXFileReference section */

/* Begin PBXFrameworksBuildPhase section */
		18912D0317FAB67600BEA969 /* Frameworks */ = {
			isa = PBXFrameworksBuildPhase;
			buildActionMask = 2147483647;
			files = (
				147740581B7407BC0009E4BF /* libpostproc.a in Frameworks */,
				147740591B7407BC0009E4BF /* libswresample.a in Frameworks */,
				147740481B7407BC0009E4BF /* libavcodec.a in Frameworks */,
				147740491B7407BC0009E4BF /* libavdevice.a in Frameworks */,
				1477404A1B7407BC0009E4BF /* libavfilter.a in Frameworks */,
				1477404B1B7407BC0009E4BF /* libavformat.a in Frameworks */,
				1477404C1B7407BC0009E4BF /* libavutil.a in Frameworks */,
				1477404D1B7407BC0009E4BF /* libfaad.a in Frameworks */,
				1477404E1B7407BC0009E4BF /* libswscale.a in Frameworks */,
				1477404F1B7407BC0009E4BF /* libttxaudio.a in Frameworks */,
				147740501B7407BC0009E4BF /* libttxcommon.a in Frameworks */,
				147740511B7407BC0009E4BF /* libttxfile.a in Frameworks */,
				147740521B7407BC0009E4BF /* libttxmedia.a in Frameworks */,
				147740531B7407BC0009E4BF /* libttxplay.a in Frameworks */,
				147740541B7407BC0009E4BF /* libx264.a in Frameworks */,
				147740551B7407BC0009E4BF /* libyuv2rgb.a in Frameworks */,
				753955961F02BA6F0013758A /* libzbar.a in Frameworks */,
				18912D6017FAB80200BEA969 /* libz.dylib in Frameworks */,
				18912D5E17FAB7DA00BEA969 /* libc++.dylib in Frameworks */,
				18912D5C17FAB7CF00BEA969 /* libstdc++.dylib in Frameworks */,
				18912D5A17FAB7AA00BEA969 /* libiconv.dylib in Frameworks */,
				75562F4C1ED5291A0073388A /* AVFoundation.framework in Frameworks */,
				18912D0C17FAB67600BEA969 /* CoreGraphics.framework in Frameworks */,
				18912D0E17FAB67600BEA969 /* UIKit.framework in Frameworks */,
				18912D0A17FAB67600BEA969 /* Foundation.framework in Frameworks */,
				607E59CCCD059A62D30A4548 /* libPods-cmsv6demo.a in Frameworks */,
			);
			runOnlyForDeploymentPostprocessing = 0;
		};
/* End PBXFrameworksBuildPhase section */

/* Begin PBXGroup section */
		18912CFD17FAB67600BEA969 = {
			isa = PBXGroup;
			children = (
				18912D4117FAB78500BEA969 /* libavcodec.a */,
				18912D4217FAB78500BEA969 /* libavdevice.a */,
				18912D4317FAB78500BEA969 /* libavfilter.a */,
				18912D4417FAB78500BEA969 /* libavformat.a */,
				18912D4517FAB78500BEA969 /* libavutil.a */,
				18912D4617FAB78500BEA969 /* libswscale.a */,
				18912D4717FAB78500BEA969 /* libttxcommon.a */,
				18912D4817FAB78500BEA969 /* libttxfile.a */,
				18912D4917FAB78500BEA969 /* libttxmedia.a */,
				18912D4A17FAB78500BEA969 /* libttxplay.a */,
				18912D4B17FAB78500BEA969 /* libx264.a */,
				18912D4C17FAB78500BEA969 /* libyuv2rgb.a */,
				18912D0F17FAB67600BEA969 /* cmsv6demo */,
				18912D0817FAB67600BEA969 /* Frameworks */,
				18912D0717FAB67600BEA969 /* Products */,
				D680BA83E9F064E589BFBB7F /* Pods */,
			);
			sourceTree = "<group>";
		};
		18912D0717FAB67600BEA969 /* Products */ = {
			isa = PBXGroup;
			children = (
				18912D0617FAB67600BEA969 /* cmsv6demo.app */,
			);
			name = Products;
			sourceTree = "<group>";
		};
		18912D0817FAB67600BEA969 /* Frameworks */ = {
			isa = PBXGroup;
			children = (
				75562F4B1ED5291A0073388A /* AVFoundation.framework */,
				147740561B7407BC0009E4BF /* libpostproc.a */,
				147740571B7407BC0009E4BF /* libswresample.a */,
				147740461B7407740009E4BF /* libttxaudio.a */,
				147740441B7407670009E4BF /* libfaad.a */,
				18912D5F17FAB80200BEA969 /* libz.dylib */,
				18912D5D17FAB7DA00BEA969 /* libc++.dylib */,
				18912D5B17FAB7CF00BEA969 /* libstdc++.dylib */,
				18912D5917FAB7AA00BEA969 /* libiconv.dylib */,
				18912D0917FAB67600BEA969 /* Foundation.framework */,
				18912D0B17FAB67600BEA969 /* CoreGraphics.framework */,
				18912D0D17FAB67600BEA969 /* UIKit.framework */,
				18912D2B17FAB67600BEA969 /* XCTest.framework */,
				2FCB90C19A0F3F52B0BB4DAB /* libPods-cmsv6demo.a */,
			);
			name = Frameworks;
			sourceTree = "<group>";
		};
		18912D0F17FAB67600BEA969 /* cmsv6demo */ = {
			isa = PBXGroup;
			children = (
				753955381F02BA6F0013758A /* Plugins */,
				753955361F02B9F10013758A /* config.xml */,
				7539549D1F02993D0013758A /* www */,
				18912D1817FAB67600BEA969 /* AppDelegate.h */,
				18912D1917FAB67600BEA969 /* AppDelegate.m */,
				18912D1B17FAB67600BEA969 /* Main_iPhone.storyboard */,
				18912D1E17FAB67600BEA969 /* Main_iPad.storyboard */,
				18912D2117FAB67600BEA969 /* ViewController.h */,
				18912D2217FAB67600BEA969 /* ViewController.m */,
				7539549A1F02984E0013758A /* IonicViewController.h */,
				7539549B1F02984E0013758A /* IonicViewController.m */,
				759063971ED67F89003C1C48 /* ConfigView.h */,
				759063981ED67F89003C1C48 /* ConfigView.m */,
				755C658D1ED6A7FB00F637C6 /* DeviceSwitchView.h */,
				755C658E1ED6A7FB00F637C6 /* DeviceSwitchView.m */,
				18912D2417FAB67600BEA969 /* Images.xcassets */,
				18912D1017FAB67600BEA969 /* Supporting Files */,
			);
			path = cmsv6demo;
			sourceTree = "<group>";
		};
		18912D1017FAB67600BEA969 /* Supporting Files */ = {
			isa = PBXGroup;
			children = (
				18912D1117FAB67600BEA969 /* cmsv6demo-Info.plist */,
				18912D1217FAB67600BEA969 /* InfoPlist.strings */,
				18912D1517FAB67600BEA969 /* main.m */,
				18912D1717FAB67600BEA969 /* cmsv6demo-Prefix.pch */,
			);
			name = "Supporting Files";
			sourceTree = "<group>";
		};
		753955381F02BA6F0013758A /* Plugins */ = {
			isa = PBXGroup;
			children = (
				753955391F02BA6F0013758A /* cordova-plugin-broadcaster */,
				7539553C1F02BA6F0013758A /* cordova-plugin-camera */,
				753955441F02BA6F0013758A /* cordova-plugin-console */,
				753955471F02BA6F0013758A /* cordova-plugin-cszbar */,
				753955611F02BA6F0013758A /* cordova-plugin-device */,
				753955641F02BA6F0013758A /* cordova-plugin-file */,
				7539556B1F02BA6F0013758A /* cordova-plugin-http */,
				7539557D1F02BA6F0013758A /* cordova-plugin-media */,
				753955801F02BA6F0013758A /* cordova-plugin-media-capture */,
				753955831F02BA6F0013758A /* cordova-plugin-splashscreen */,
				753955881F02BA6F0013758A /* cordova-plugin-statusbar */,
				7539558B1F02BA6F0013758A /* ionic-plugin-keyboard */,
				7539558E1F02BA6F0013758A /* README */,
			);
			path = Plugins;
			sourceTree = "<group>";
		};
		753955391F02BA6F0013758A /* cordova-plugin-broadcaster */ = {
			isa = PBXGroup;
			children = (
				7539553A1F02BA6F0013758A /* CDVBroadcaster.h */,
				7539553B1F02BA6F0013758A /* CDVBroadcaster.m */,
			);
			path = "cordova-plugin-broadcaster";
			sourceTree = "<group>";
		};
		7539553C1F02BA6F0013758A /* cordova-plugin-camera */ = {
			isa = PBXGroup;
			children = (
				7539553D1F02BA6F0013758A /* CDVCamera.h */,
				7539553E1F02BA6F0013758A /* CDVCamera.m */,
				7539553F1F02BA6F0013758A /* CDVExif.h */,
				753955401F02BA6F0013758A /* CDVJpegHeaderWriter.h */,
				753955411F02BA6F0013758A /* CDVJpegHeaderWriter.m */,
				753955421F02BA6F0013758A /* UIImage+CropScaleOrientation.h */,
				753955431F02BA6F0013758A /* UIImage+CropScaleOrientation.m */,
			);
			path = "cordova-plugin-camera";
			sourceTree = "<group>";
		};
		753955441F02BA6F0013758A /* cordova-plugin-console */ = {
			isa = PBXGroup;
			children = (
				753955451F02BA6F0013758A /* CDVLogger.h */,
				753955461F02BA6F0013758A /* CDVLogger.m */,
			);
			path = "cordova-plugin-console";
			sourceTree = "<group>";
		};
		753955471F02BA6F0013758A /* cordova-plugin-cszbar */ = {
			isa = PBXGroup;
			children = (
				753955481F02BA6F0013758A /* AlmaZBarReaderViewController.h */,
				753955491F02BA6F0013758A /* AlmaZBarReaderViewController.m */,
				7539554A1F02BA6F0013758A /* CsZBar.h */,
				7539554B1F02BA6F0013758A /* CsZBar.m */,
				7539554C1F02BA6F0013758A /* Decoder.h */,
				7539554D1F02BA6F0013758A /* Exception.h */,
				7539554E1F02BA6F0013758A /* Image.h */,
				7539554F1F02BA6F0013758A /* ImageScanner.h */,
				753955501F02BA6F0013758A /* libzbar.a */,
				753955511F02BA6F0013758A /* Processor.h */,
				753955521F02BA6F0013758A /* Scanner.h */,
				753955531F02BA6F0013758A /* Symbol.h */,
				753955541F02BA6F0013758A /* Video.h */,
				753955551F02BA6F0013758A /* Window.h */,
				753955561F02BA6F0013758A /* zbar.h */,
				753955571F02BA6F0013758A /* ZBarCameraSimulator.h */,
				753955581F02BA6F0013758A /* ZBarCaptureReader.h */,
				753955591F02BA6F0013758A /* ZBarHelpController.h */,
				7539555A1F02BA6F0013758A /* ZBarImage.h */,
				7539555B1F02BA6F0013758A /* ZBarImageScanner.h */,
				7539555C1F02BA6F0013758A /* ZBarReaderController.h */,
				7539555D1F02BA6F0013758A /* ZBarReaderView.h */,
				7539555E1F02BA6F0013758A /* ZBarReaderViewController.h */,
				7539555F1F02BA6F0013758A /* ZBarSDK.h */,
				753955601F02BA6F0013758A /* ZBarSymbol.h */,
			);
			path = "cordova-plugin-cszbar";
			sourceTree = "<group>";
		};
		753955611F02BA6F0013758A /* cordova-plugin-device */ = {
			isa = PBXGroup;
			children = (
				753955621F02BA6F0013758A /* CDVDevice.h */,
				753955631F02BA6F0013758A /* CDVDevice.m */,
			);
			path = "cordova-plugin-device";
			sourceTree = "<group>";
		};
		753955641F02BA6F0013758A /* cordova-plugin-file */ = {
			isa = PBXGroup;
			children = (
				753955651F02BA6F0013758A /* CDVAssetLibraryFilesystem.h */,
				753955661F02BA6F0013758A /* CDVAssetLibraryFilesystem.m */,
				753955671F02BA6F0013758A /* CDVFile.h */,
				753955681F02BA6F0013758A /* CDVFile.m */,
				753955691F02BA6F0013758A /* CDVLocalFilesystem.h */,
				7539556A1F02BA6F0013758A /* CDVLocalFilesystem.m */,
			);
			path = "cordova-plugin-file";
			sourceTree = "<group>";
		};
		7539556B1F02BA6F0013758A /* cordova-plugin-http */ = {
			isa = PBXGroup;
			children = (
				7539556C1F02BA6F0013758A /* AFHTTPSessionManager.h */,
				7539556D1F02BA6F0013758A /* AFHTTPSessionManager.m */,
				7539556E1F02BA6F0013758A /* AFNetworking.h */,
				7539556F1F02BA6F0013758A /* AFNetworkReachabilityManager.h */,
				753955701F02BA6F0013758A /* AFNetworkReachabilityManager.m */,
				753955711F02BA6F0013758A /* AFSecurityPolicy.h */,
				753955721F02BA6F0013758A /* AFSecurityPolicy.m */,
				753955731F02BA6F0013758A /* AFURLRequestSerialization.h */,
				753955741F02BA6F0013758A /* AFURLRequestSerialization.m */,
				753955751F02BA6F0013758A /* AFURLResponseSerialization.h */,
				753955761F02BA6F0013758A /* AFURLResponseSerialization.m */,
				753955771F02BA6F0013758A /* AFURLSessionManager.h */,
				753955781F02BA6F0013758A /* AFURLSessionManager.m */,
				753955791F02BA6F0013758A /* CordovaHttpPlugin.h */,
				7539557A1F02BA6F0013758A /* CordovaHttpPlugin.m */,
				7539557B1F02BA6F0013758A /* TextResponseSerializer.h */,
				7539557C1F02BA6F0013758A /* TextResponseSerializer.m */,
			);
			path = "cordova-plugin-http";
			sourceTree = "<group>";
		};
		7539557D1F02BA6F0013758A /* cordova-plugin-media */ = {
			isa = PBXGroup;
			children = (
				7539557E1F02BA6F0013758A /* CDVSound.h */,
				7539557F1F02BA6F0013758A /* CDVSound.m */,
			);
			path = "cordova-plugin-media";
			sourceTree = "<group>";
		};
		753955801F02BA6F0013758A /* cordova-plugin-media-capture */ = {
			isa = PBXGroup;
			children = (
				753955811F02BA6F0013758A /* CDVCapture.h */,
				753955821F02BA6F0013758A /* CDVCapture.m */,
			);
			path = "cordova-plugin-media-capture";
			sourceTree = "<group>";
		};
		753955831F02BA6F0013758A /* cordova-plugin-splashscreen */ = {
			isa = PBXGroup;
			children = (
				753955841F02BA6F0013758A /* CDVSplashScreen.h */,
				753955851F02BA6F0013758A /* CDVSplashScreen.m */,
				753955861F02BA6F0013758A /* CDVViewController+SplashScreen.h */,
				753955871F02BA6F0013758A /* CDVViewController+SplashScreen.m */,
			);
			path = "cordova-plugin-splashscreen";
			sourceTree = "<group>";
		};
		753955881F02BA6F0013758A /* cordova-plugin-statusbar */ = {
			isa = PBXGroup;
			children = (
				753955891F02BA6F0013758A /* CDVStatusBar.h */,
				7539558A1F02BA6F0013758A /* CDVStatusBar.m */,
			);
			path = "cordova-plugin-statusbar";
			sourceTree = "<group>";
		};
		7539558B1F02BA6F0013758A /* ionic-plugin-keyboard */ = {
			isa = PBXGroup;
			children = (
				7539558C1F02BA6F0013758A /* IonicKeyboard.h */,
				7539558D1F02BA6F0013758A /* IonicKeyboard.m */,
			);
			path = "ionic-plugin-keyboard";
			sourceTree = "<group>";
		};
		D680BA83E9F064E589BFBB7F /* Pods */ = {
			isa = PBXGroup;
			children = (
				C8D54DDE7E693054CA840A52 /* Pods-cmsv6demo.debug.xcconfig */,
				0D0B0DA703EB58B82369DC28 /* Pods-cmsv6demo.release.xcconfig */,
			);
			name = Pods;
			sourceTree = "<group>";
		};
/* End PBXGroup section */

/* Begin PBXNativeTarget section */
		18912D0517FAB67600BEA969 /* cmsv6demo */ = {
			isa = PBXNativeTarget;
			buildConfigurationList = 18912D3B17FAB67600BEA969 /* Build configuration list for PBXNativeTarget "cmsv6demo" */;
			buildPhases = (
				D108F2CA70C8D6C852103ACC /* [CP] Check Pods Manifest.lock */,
				18912D0217FAB67600BEA969 /* Sources */,
				18912D0317FAB67600BEA969 /* Frameworks */,
				18912D0417FAB67600BEA969 /* Resources */,
				B762EC7A84B90436EB07FB28 /* [CP] Embed Pods Frameworks */,
				0D579341047A61AE8B81262F /* [CP] Copy Pods Resources */,
			);
			buildRules = (
			);
			dependencies = (
			);
			name = cmsv6demo;
			productName = cmsv6demo;
			productReference = 18912D0617FAB67600BEA969 /* cmsv6demo.app */;
			productType = "com.apple.product-type.application";
		};
/* End PBXNativeTarget section */

/* Begin PBXProject section */
		18912CFE17FAB67600BEA969 /* Project object */ = {
			isa = PBXProject;
			attributes = {
				LastUpgradeCheck = 0500;
				ORGANIZATIONNAME = Apple;
				TargetAttributes = {
					18912D0517FAB67600BEA969 = {
						DevelopmentTeam = Y5R9VJKQ3T;
						ProvisioningStyle = Automatic;
					};
				};
			};
			buildConfigurationList = 18912D0117FAB67600BEA969 /* Build configuration list for PBXProject "cmsv6demo" */;
			compatibilityVersion = "Xcode 3.2";
			developmentRegion = English;
			hasScannedForEncodings = 0;
			knownRegions = (
				en,
				Base,
			);
			mainGroup = 18912CFD17FAB67600BEA969;
			productRefGroup = 18912D0717FAB67600BEA969 /* Products */;
			projectDirPath = "";
			projectRoot = "";
			targets = (
				18912D0517FAB67600BEA969 /* cmsv6demo */,
			);
		};
/* End PBXProject section */

/* Begin PBXResourcesBuildPhase section */
		18912D0417FAB67600BEA969 /* Resources */ = {
			isa = PBXResourcesBuildPhase;
			buildActionMask = 2147483647;
			files = (
				18912D2017FAB67600BEA969 /* Main_iPad.storyboard in Resources */,
				18912D2517FAB67600BEA969 /* Images.xcassets in Resources */,
				18912D1D17FAB67600BEA969 /* Main_iPhone.storyboard in Resources */,
				753955371F02B9F10013758A /* config.xml in Resources */,
				7539549E1F02993D0013758A /* www in Resources */,
				18912D1417FAB67600BEA969 /* InfoPlist.strings in Resources */,
				753955A91F02BA6F0013758A /* README in Resources */,
			);
			runOnlyForDeploymentPostprocessing = 0;
		};
/* End PBXResourcesBuildPhase section */

/* Begin PBXShellScriptBuildPhase section */
		0D579341047A61AE8B81262F /* [CP] Copy Pods Resources */ = {
			isa = PBXShellScriptBuildPhase;
			buildActionMask = 2147483647;
			files = (
			);
			inputPaths = (
			);
			name = "[CP] Copy Pods Resources";
			outputPaths = (
			);
			runOnlyForDeploymentPostprocessing = 0;
			shellPath = /bin/sh;
			shellScript = "\"${SRCROOT}/Pods/Target Support Files/Pods-cmsv6demo/Pods-cmsv6demo-resources.sh\"\n";
			showEnvVarsInLog = 0;
		};
		B762EC7A84B90436EB07FB28 /* [CP] Embed Pods Frameworks */ = {
			isa = PBXShellScriptBuildPhase;
			buildActionMask = 2147483647;
			files = (
			);
			inputPaths = (
			);
			name = "[CP] Embed Pods Frameworks";
			outputPaths = (
			);
			runOnlyForDeploymentPostprocessing = 0;
			shellPath = /bin/sh;
			shellScript = "\"${SRCROOT}/Pods/Target Support Files/Pods-cmsv6demo/Pods-cmsv6demo-frameworks.sh\"\n";
			showEnvVarsInLog = 0;
		};
		D108F2CA70C8D6C852103ACC /* [CP] Check Pods Manifest.lock */ = {
			isa = PBXShellScriptBuildPhase;
			buildActionMask = 2147483647;
			files = (
			);
			inputPaths = (
			);
			name = "[CP] Check Pods Manifest.lock";
			outputPaths = (
			);
			runOnlyForDeploymentPostprocessing = 0;
			shellPath = /bin/sh;
			shellScript = "diff \"${PODS_PODFILE_DIR_PATH}/Podfile.lock\" \"${PODS_ROOT}/Manifest.lock\" > /dev/null\nif [ $? != 0 ] ; then\n    # print error to STDERR\n    echo \"error: The sandbox is not in sync with the Podfile.lock. Run 'pod install' or update your CocoaPods installation.\" >&2\n    exit 1\nfi\n";
			showEnvVarsInLog = 0;
		};
/* End PBXShellScriptBuildPhase section */

/* Begin PBXSourcesBuildPhase section */
		18912D0217FAB67600BEA969 /* Sources */ = {
			isa = PBXSourcesBuildPhase;
			buildActionMask = 2147483647;
			files = (
				753955A41F02BA6F0013758A /* CDVCapture.m in Sources */,
				759063991ED67F89003C1C48 /* ConfigView.m in Sources */,
				7539559A1F02BA6F0013758A /* CDVLocalFilesystem.m in Sources */,
				753955991F02BA6F0013758A /* CDVFile.m in Sources */,
				753955A11F02BA6F0013758A /* CordovaHttpPlugin.m in Sources */,
				7539559B1F02BA6F0013758A /* AFHTTPSessionManager.m in Sources */,
				7539559F1F02BA6F0013758A /* AFURLResponseSerialization.m in Sources */,
				753955A71F02BA6F0013758A /* CDVStatusBar.m in Sources */,
				18912D2317FAB67600BEA969 /* ViewController.m in Sources */,
				7539559C1F02BA6F0013758A /* AFNetworkReachabilityManager.m in Sources */,
				753955A21F02BA6F0013758A /* TextResponseSerializer.m in Sources */,
				753955A81F02BA6F0013758A /* IonicKeyboard.m in Sources */,
				753955A61F02BA6F0013758A /* CDVViewController+SplashScreen.m in Sources */,
				753955981F02BA6F0013758A /* CDVAssetLibraryFilesystem.m in Sources */,
				753955931F02BA6F0013758A /* CDVLogger.m in Sources */,
				18912D1A17FAB67600BEA969 /* AppDelegate.m in Sources */,
				753955921F02BA6F0013758A /* UIImage+CropScaleOrientation.m in Sources */,
				753955941F02BA6F0013758A /* AlmaZBarReaderViewController.m in Sources */,
				753955951F02BA6F0013758A /* CsZBar.m in Sources */,
				7539559E1F02BA6F0013758A /* AFURLRequestSerialization.m in Sources */,
				18912D1617FAB67600BEA969 /* main.m in Sources */,
				753955A31F02BA6F0013758A /* CDVSound.m in Sources */,
				753955911F02BA6F0013758A /* CDVJpegHeaderWriter.m in Sources */,
				753955901F02BA6F0013758A /* CDVCamera.m in Sources */,
				7539558F1F02BA6F0013758A /* CDVBroadcaster.m in Sources */,
				7539559D1F02BA6F0013758A /* AFSecurityPolicy.m in Sources */,
				755C658F1ED6A7FB00F637C6 /* DeviceSwitchView.m in Sources */,
				753955A51F02BA6F0013758A /* CDVSplashScreen.m in Sources */,
				7539549C1F02984E0013758A /* IonicViewController.m in Sources */,
				753955971F02BA6F0013758A /* CDVDevice.m in Sources */,
				753955A01F02BA6F0013758A /* AFURLSessionManager.m in Sources */,
			);
			runOnlyForDeploymentPostprocessing = 0;
		};
/* End PBXSourcesBuildPhase section */

/* Begin PBXVariantGroup section */
		18912D1217FAB67600BEA969 /* InfoPlist.strings */ = {
			isa = PBXVariantGroup;
			children = (
				18912D1317FAB67600BEA969 /* en */,
			);
			name = InfoPlist.strings;
			sourceTree = "<group>";
		};
		18912D1B17FAB67600BEA969 /* Main_iPhone.storyboard */ = {
			isa = PBXVariantGroup;
			children = (
				18912D1C17FAB67600BEA969 /* Base */,
			);
			name = Main_iPhone.storyboard;
			sourceTree = "<group>";
		};
		18912D1E17FAB67600BEA969 /* Main_iPad.storyboard */ = {
			isa = PBXVariantGroup;
			children = (
				18912D1F17FAB67600BEA969 /* Base */,
			);
			name = Main_iPad.storyboard;
			sourceTree = "<group>";
		};
/* End PBXVariantGroup section */

/* Begin XCBuildConfiguration section */
		18912D3917FAB67600BEA969 /* Debug */ = {
			isa = XCBuildConfiguration;
			buildSettings = {
				ALWAYS_SEARCH_USER_PATHS = NO;
				ARCHS = "$(ARCHS_STANDARD_INCLUDING_64_BIT)";
				CLANG_CXX_LANGUAGE_STANDARD = "gnu++0x";
				CLANG_CXX_LIBRARY = "libc++";
				CLANG_ENABLE_MODULES = YES;
				CLANG_ENABLE_OBJC_ARC = NO;
				CLANG_WARN_BOOL_CONVERSION = YES;
				CLANG_WARN_CONSTANT_CONVERSION = YES;
				CLANG_WARN_DIRECT_OBJC_ISA_USAGE = YES_ERROR;
				CLANG_WARN_EMPTY_BODY = YES;
				CLANG_WARN_ENUM_CONVERSION = YES;
				CLANG_WARN_INT_CONVERSION = YES;
				CLANG_WARN_OBJC_ROOT_CLASS = YES_ERROR;
				CLANG_WARN__DUPLICATE_METHOD_MATCH = YES;
				CODE_SIGN_IDENTITY = "iPhone Developer: YONGFU LI (RDMRT9VHH4)";
				"CODE_SIGN_IDENTITY[sdk=iphoneos*]" = "iPhone Developer: YONGFU LI (RDMRT9VHH4)";
				COPY_PHASE_STRIP = NO;
				GCC_C_LANGUAGE_STANDARD = gnu99;
				GCC_DYNAMIC_NO_PIC = NO;
				GCC_OPTIMIZATION_LEVEL = 0;
				GCC_PREPROCESSOR_DEFINITIONS = (
					"DEBUG=1",
					"$(inherited)",
				);
				GCC_SYMBOLS_PRIVATE_EXTERN = NO;
				GCC_WARN_64_TO_32_BIT_CONVERSION = YES;
				GCC_WARN_ABOUT_RETURN_TYPE = YES_ERROR;
				GCC_WARN_UNDECLARED_SELECTOR = YES;
				GCC_WARN_UNINITIALIZED_AUTOS = YES;
				GCC_WARN_UNUSED_FUNCTION = YES;
				GCC_WARN_UNUSED_VARIABLE = YES;
				IPHONEOS_DEPLOYMENT_TARGET = 7.0;
				ONLY_ACTIVE_ARCH = YES;
				PROVISIONING_PROFILE = "2ADD4FB9-345C-402D-A3A0-40FBCD722DDC";
				SDKROOT = iphoneos;
				TARGETED_DEVICE_FAMILY = "1,2";
			};
			name = Debug;
		};
		18912D3A17FAB67600BEA969 /* Release */ = {
			isa = XCBuildConfiguration;
			buildSettings = {
				ALWAYS_SEARCH_USER_PATHS = NO;
				ARCHS = "$(ARCHS_STANDARD_INCLUDING_64_BIT)";
				CLANG_CXX_LANGUAGE_STANDARD = "gnu++0x";
				CLANG_CXX_LIBRARY = "libc++";
				CLANG_ENABLE_MODULES = YES;
				CLANG_ENABLE_OBJC_ARC = NO;
				CLANG_WARN_BOOL_CONVERSION = YES;
				CLANG_WARN_CONSTANT_CONVERSION = YES;
				CLANG_WARN_DIRECT_OBJC_ISA_USAGE = YES_ERROR;
				CLANG_WARN_EMPTY_BODY = YES;
				CLANG_WARN_ENUM_CONVERSION = YES;
				CLANG_WARN_INT_CONVERSION = YES;
				CLANG_WARN_OBJC_ROOT_CLASS = YES_ERROR;
				CLANG_WARN__DUPLICATE_METHOD_MATCH = YES;
				CODE_SIGN_IDENTITY = "iPhone Developer: YONGFU LI (RDMRT9VHH4)";
				COPY_PHASE_STRIP = YES;
				ENABLE_NS_ASSERTIONS = NO;
				GCC_C_LANGUAGE_STANDARD = gnu99;
				GCC_WARN_64_TO_32_BIT_CONVERSION = YES;
				GCC_WARN_ABOUT_RETURN_TYPE = YES_ERROR;
				GCC_WARN_UNDECLARED_SELECTOR = YES;
				GCC_WARN_UNINITIALIZED_AUTOS = YES;
				GCC_WARN_UNUSED_FUNCTION = YES;
				GCC_WARN_UNUSED_VARIABLE = YES;
				IPHONEOS_DEPLOYMENT_TARGET = 7.0;
				PROVISIONING_PROFILE = "2ADD4FB9-345C-402D-A3A0-40FBCD722DDC";
				SDKROOT = iphoneos;
				TARGETED_DEVICE_FAMILY = "1,2";
				VALIDATE_PRODUCT = YES;
			};
			name = Release;
		};
		18912D3C17FAB67600BEA969 /* Debug */ = {
			isa = XCBuildConfiguration;
			baseConfigurationReference = C8D54DDE7E693054CA840A52 /* Pods-cmsv6demo.debug.xcconfig */;
			buildSettings = {
				ASSETCATALOG_COMPILER_APPICON_NAME = AppIcon;
				ASSETCATALOG_COMPILER_LAUNCHIMAGE_NAME = LaunchImage;
				CLANG_ENABLE_OBJC_ARC = YES;
				CODE_SIGN_IDENTITY = "iPhone Developer";
				"CODE_SIGN_IDENTITY[sdk=iphoneos*]" = "iPhone Developer";
				CODE_SIGN_STYLE = Automatic;
				DEVELOPMENT_TEAM = Y5R9VJKQ3T;
				ENABLE_BITCODE = NO;
				GCC_PRECOMPILE_PREFIX_HEADER = YES;
				GCC_PREFIX_HEADER = "cmsv6demo/cmsv6demo-Prefix.pch";
				INFOPLIST_FILE = "cmsv6demo/cmsv6demo-Info.plist";
				IPHONEOS_DEPLOYMENT_TARGET = 8.0;
				LIBRARY_SEARCH_PATHS = (
					"$(inherited)",
					/Users/Story5/Desktop/cmsv6iOS20151104/lib,
					"$(PROJECT_DIR)/cmsv6demo/Plugins/cordova-plugin-cszbar",
				);
				OTHER_LDFLAGS = (
					"$(inherited)",
					"-all_load",
				);
				PRODUCT_BUNDLE_IDENTIFIER = com.Story5.cmsv6;
				PRODUCT_NAME = "$(TARGET_NAME)";
				PROVISIONING_PROFILE = "";
				PROVISIONING_PROFILE_SPECIFIER = "";
				USER_HEADER_SEARCH_PATHS = ../include;
				WRAPPER_EXTENSION = app;
			};
			name = Debug;
		};
		18912D3D17FAB67600BEA969 /* Release */ = {
			isa = XCBuildConfiguration;
			baseConfigurationReference = 0D0B0DA703EB58B82369DC28 /* Pods-cmsv6demo.release.xcconfig */;
			buildSettings = {
				ASSETCATALOG_COMPILER_APPICON_NAME = AppIcon;
				ASSETCATALOG_COMPILER_LAUNCHIMAGE_NAME = LaunchImage;
				CLANG_ENABLE_OBJC_ARC = YES;
				CODE_SIGN_IDENTITY = "iPhone Developer";
				"CODE_SIGN_IDENTITY[sdk=iphoneos*]" = "iPhone Developer";
				CODE_SIGN_STYLE = Automatic;
				DEVELOPMENT_TEAM = Y5R9VJKQ3T;
				ENABLE_BITCODE = NO;
				GCC_PRECOMPILE_PREFIX_HEADER = YES;
				GCC_PREFIX_HEADER = "cmsv6demo/cmsv6demo-Prefix.pch";
				INFOPLIST_FILE = "cmsv6demo/cmsv6demo-Info.plist";
				IPHONEOS_DEPLOYMENT_TARGET = 8.0;
				LIBRARY_SEARCH_PATHS = (
					"$(inherited)",
					/Users/Story5/Desktop/cmsv6iOS20151104/lib,
					"$(PROJECT_DIR)/cmsv6demo/Plugins/cordova-plugin-cszbar",
				);
				OTHER_LDFLAGS = (
					"$(inherited)",
					"-all_load",
				);
				PRODUCT_BUNDLE_IDENTIFIER = com.Story5.cmsv6;
				PRODUCT_NAME = "$(TARGET_NAME)";
				PROVISIONING_PROFILE = "";
				PROVISIONING_PROFILE_SPECIFIER = "";
				USER_HEADER_SEARCH_PATHS = ../include;
				WRAPPER_EXTENSION = app;
			};
			name = Release;
		};
/* End XCBuildConfiguration section */

/* Begin XCConfigurationList section */
		18912D0117FAB67600BEA969 /* Build configuration list for PBXProject "cmsv6demo" */ = {
			isa = XCConfigurationList;
			buildConfigurations = (
				18912D3917FAB67600BEA969 /* Debug */,
				18912D3A17FAB67600BEA969 /* Release */,
			);
			defaultConfigurationIsVisible = 0;
			defaultConfigurationName = Release;
		};
		18912D3B17FAB67600BEA969 /* Build configuration list for PBXNativeTarget "cmsv6demo" */ = {
			isa = XCConfigurationList;
			buildConfigurations = (
				18912D3C17FAB67600BEA969 /* Debug */,
				18912D3D17FAB67600BEA969 /* Release */,
			);
			defaultConfigurationIsVisible = 0;
			defaultConfigurationName = Release;
		};
/* End XCConfigurationList section */
	};
	rootObject = 18912CFE17FAB67600BEA969 /* Project object */;
}
