PODS:
  - Cordova (4.4.0)
  - JCore (1.1.5)
  - JPush (3.0.6):
    - JCore (~> 1.1.1)

DEPENDENCIES:
  - Cordova (~> 4.4.0)
  - JPush

SPEC CHECKSUMS:
  Cordova: 561576155c420c54441d99b855de12c6e7b51088
  JCore: 9bd9c770c877c583d98b90a68792b8361974c231
  JPush: c41be50eb1a574a66aeb68d237f00a4ec6ec3a82

PODFILE CHECKSUM: dd725bbce06f214d2f2fdde29b1f6f2a83930864

COCOAPODS: 1.2.1
